
Microsoft Visual Studio Solution File, Format Version 12.00
# Visual Studio Version 17
VisualStudioVersion = 17.0.31903.59
MinimumVisualStudioVersion = 10.0.40219.1
Project("{FAE04EC0-301F-11D3-BF4B-00C04F79EFBC}") = "MudClient.Core", "src\MudClient.Core\MudClient.Core.csproj", "{7D83E875-4A25-4CB1-B257-11D8F249FD85}"
EndProject
Project("{FAE04EC0-301F-11D3-BF4B-00C04F79EFBC}") = "MudClient.App", "src\MudClient.App\MudClient.App.csproj", "{B6246126-D050-47D2-91ED-F7095A58D8F0}"
EndProject
Project("{FAE04EC0-301F-11D3-BF4B-00C04F79EFBC}") = "MudClient.Core.Tests", "tests\MudClient.Core.Tests\MudClient.Core.Tests.csproj", "{85B33C4B-6A87-409C-83CD-6E341E7FB4EE}"
EndProject
Project("{2150E333-8FDC-42A3-9474-1A3956D46DE8}") = "tests", "tests", "{0AB3BF05-4346-4AA6-1389-037BE0695223}"
EndProject
Project("{FAE04EC0-301F-11D3-BF4B-00C04F79EFBC}") = "MudClient.App.Tests", "tests\MudClient.App.Tests\MudClient.App.Tests.csproj", "{A7854FF8-FE91-4B5A-942E-36EE8E1DB0A0}"
EndProject
Project("{2150E333-8FDC-42A3-9474-1A3956D46DE8}") = "src", "src", "{827E0CD3-B72D-47B6-A68D-7590B98EB39B}"
EndProject
Project("{2150E333-8FDC-42A3-9474-1A3956D46DE8}") = "tools", "tools", "{07C2787E-EAC7-C090-1BA3-A61EC2A24D84}"
EndProject
Project("{FAE04EC0-301F-11D3-BF4B-00C04F79EFBC}") = "MudClient.MapBackdropGenerator", "tools\MudClient.MapBackdropGenerator\MudClient.MapBackdropGenerator.csproj", "{69A45ABE-551E-49C7-ABF2-B8C681BE2862}"
EndProject
Project("{FAE04EC0-301F-11D3-BF4B-00C04F79EFBC}") = "MudClient.MapImageCalibrator", "tools\MudClient.MapImageCalibrator\MudClient.MapImageCalibrator.csproj", "{AE6C823B-468E-4C1A-9E8D-18AE46D1438D}"
EndProject
Global
	GlobalSection(SolutionConfigurationPlatforms) = preSolution
		Debug|Any CPU = Debug|Any CPU
		Debug|x64 = Debug|x64
		Debug|x86 = Debug|x86
		Release|Any CPU = Release|Any CPU
		Release|x64 = Release|x64
		Release|x86 = Release|x86
		User|Any CPU = User|Any CPU
		Admin|Any CPU = Admin|Any CPU
	EndGlobalSection
	GlobalSection(ProjectConfigurationPlatforms) = postSolution
		{7D83E875-4A25-4CB1-B257-11D8F249FD85}.Debug|Any CPU.ActiveCfg = Debug|Any CPU
		{7D83E875-4A25-4CB1-B257-11D8F249FD85}.Debug|Any CPU.Build.0 = Debug|Any CPU
		{7D83E875-4A25-4CB1-B257-11D8F249FD85}.Debug|x64.ActiveCfg = Debug|Any CPU
		{7D83E875-4A25-4CB1-B257-11D8F249FD85}.Debug|x64.Build.0 = Debug|Any CPU
		{7D83E875-4A25-4CB1-B257-11D8F249FD85}.Debug|x86.ActiveCfg = Debug|Any CPU
		{7D83E875-4A25-4CB1-B257-11D8F249FD85}.Debug|x86.Build.0 = Debug|Any CPU
		{7D83E875-4A25-4CB1-B257-11D8F249FD85}.Release|Any CPU.ActiveCfg = Release|Any CPU
		{7D83E875-4A25-4CB1-B257-11D8F249FD85}.Release|Any CPU.Build.0 = Release|Any CPU
		{7D83E875-4A25-4CB1-B257-11D8F249FD85}.Release|x64.ActiveCfg = Release|Any CPU
		{7D83E875-4A25-4CB1-B257-11D8F249FD85}.Release|x64.Build.0 = Release|Any CPU
		{7D83E875-4A25-4CB1-B257-11D8F249FD85}.Release|x86.ActiveCfg = Release|Any CPU
		{7D83E875-4A25-4CB1-B257-11D8F249FD85}.Release|x86.Build.0 = Release|Any CPU
		{7D83E875-4A25-4CB1-B257-11D8F249FD85}.User|Any CPU.ActiveCfg = User|Any CPU
		{7D83E875-4A25-4CB1-B257-11D8F249FD85}.User|Any CPU.Build.0 = User|Any CPU
		{7D83E875-4A25-4CB1-B257-11D8F249FD85}.Admin|Any CPU.ActiveCfg = Admin|Any CPU
		{7D83E875-4A25-4CB1-B257-11D8F249FD85}.Admin|Any CPU.Build.0 = Admin|Any CPU
		{B6246126-D050-47D2-91ED-F7095A58D8F0}.Debug|Any CPU.ActiveCfg = Debug|Any CPU
		{B6246126-D050-47D2-91ED-F7095A58D8F0}.Debug|Any CPU.Build.0 = Debug|Any CPU
		{B6246126-D050-47D2-91ED-F7095A58D8F0}.Debug|x64.ActiveCfg = Debug|Any CPU
		{B6246126-D050-47D2-91ED-F7095A58D8F0}.Debug|x64.Build.0 = Debug|Any CPU
		{B6246126-D050-47D2-91ED-F7095A58D8F0}.Debug|x86.ActiveCfg = Debug|Any CPU
		{B6246126-D050-47D2-91ED-F7095A58D8F0}.Debug|x86.Build.0 = Debug|Any CPU
		{B6246126-D050-47D2-91ED-F7095A58D8F0}.Release|Any CPU.ActiveCfg = Release|Any CPU
		{B6246126-D050-47D2-91ED-F7095A58D8F0}.Release|Any CPU.Build.0 = Release|Any CPU
		{B6246126-D050-47D2-91ED-F7095A58D8F0}.Release|x64.ActiveCfg = Release|Any CPU
		{B6246126-D050-47D2-91ED-F7095A58D8F0}.Release|x64.Build.0 = Release|Any CPU
		{B6246126-D050-47D2-91ED-F7095A58D8F0}.Release|x86.ActiveCfg = Release|Any CPU
		{B6246126-D050-47D2-91ED-F7095A58D8F0}.Release|x86.Build.0 = Release|Any CPU
		{B6246126-D050-47D2-91ED-F7095A58D8F0}.User|Any CPU.ActiveCfg = User|Any CPU
		{B6246126-D050-47D2-91ED-F7095A58D8F0}.User|Any CPU.Build.0 = User|Any CPU
		{B6246126-D050-47D2-91ED-F7095A58D8F0}.Admin|Any CPU.ActiveCfg = Admin|Any CPU
		{B6246126-D050-47D2-91ED-F7095A58D8F0}.Admin|Any CPU.Build.0 = Admin|Any CPU
		{85B33C4B-6A87-409C-83CD-6E341E7FB4EE}.Debug|Any CPU.ActiveCfg = Debug|Any CPU
		{85B33C4B-6A87-409C-83CD-6E341E7FB4EE}.Debug|Any CPU.Build.0 = Debug|Any CPU
		{85B33C4B-6A87-409C-83CD-6E341E7FB4EE}.Debug|x64.ActiveCfg = Debug|Any CPU
		{85B33C4B-6A87-409C-83CD-6E341E7FB4EE}.Debug|x64.Build.0 = Debug|Any CPU
		{85B33C4B-6A87-409C-83CD-6E341E7FB4EE}.Debug|x86.ActiveCfg = Debug|Any CPU
		{85B33C4B-6A87-409C-83CD-6E341E7FB4EE}.Debug|x86.Build.0 = Debug|Any CPU
		{85B33C4B-6A87-409C-83CD-6E341E7FB4EE}.Release|Any CPU.ActiveCfg = Release|Any CPU
		{85B33C4B-6A87-409C-83CD-6E341E7FB4EE}.Release|Any CPU.Build.0 = Release|Any CPU
		{85B33C4B-6A87-409C-83CD-6E341E7FB4EE}.Release|x64.ActiveCfg = Release|Any CPU
		{85B33C4B-6A87-409C-83CD-6E341E7FB4EE}.Release|x64.Build.0 = Release|Any CPU
		{85B33C4B-6A87-409C-83CD-6E341E7FB4EE}.Release|x86.ActiveCfg = Release|Any CPU
		{85B33C4B-6A87-409C-83CD-6E341E7FB4EE}.Release|x86.Build.0 = Release|Any CPU
		{85B33C4B-6A87-409C-83CD-6E341E7FB4EE}.User|Any CPU.ActiveCfg = User|Any CPU
		{85B33C4B-6A87-409C-83CD-6E341E7FB4EE}.User|Any CPU.Build.0 = User|Any CPU
		{85B33C4B-6A87-409C-83CD-6E341E7FB4EE}.Admin|Any CPU.ActiveCfg = Admin|Any CPU
		{85B33C4B-6A87-409C-83CD-6E341E7FB4EE}.Admin|Any CPU.Build.0 = Admin|Any CPU
		{A7854FF8-FE91-4B5A-942E-36EE8E1DB0A0}.Debug|Any CPU.ActiveCfg = Debug|Any CPU
		{A7854FF8-FE91-4B5A-942E-36EE8E1DB0A0}.Debug|Any CPU.Build.0 = Debug|Any CPU
		{A7854FF8-FE91-4B5A-942E-36EE8E1DB0A0}.Debug|x64.ActiveCfg = Debug|Any CPU
		{A7854FF8-FE91-4B5A-942E-36EE8E1DB0A0}.Debug|x64.Build.0 = Debug|Any CPU
		{A7854FF8-FE91-4B5A-942E-36EE8E1DB0A0}.Debug|x86.ActiveCfg = Debug|Any CPU
		{A7854FF8-FE91-4B5A-942E-36EE8E1DB0A0}.Debug|x86.Build.0 = Debug|Any CPU
		{A7854FF8-FE91-4B5A-942E-36EE8E1DB0A0}.Release|Any CPU.ActiveCfg = Release|Any CPU
		{A7854FF8-FE91-4B5A-942E-36EE8E1DB0A0}.Release|Any CPU.Build.0 = Release|Any CPU
		{A7854FF8-FE91-4B5A-942E-36EE8E1DB0A0}.Release|x64.ActiveCfg = Release|Any CPU
		{A7854FF8-FE91-4B5A-942E-36EE8E1DB0A0}.Release|x64.Build.0 = Release|Any CPU
		{A7854FF8-FE91-4B5A-942E-36EE8E1DB0A0}.Release|x86.ActiveCfg = Release|Any CPU
		{A7854FF8-FE91-4B5A-942E-36EE8E1DB0A0}.Release|x86.Build.0 = Release|Any CPU
		{A7854FF8-FE91-4B5A-942E-36EE8E1DB0A0}.User|Any CPU.ActiveCfg = User|Any CPU
		{A7854FF8-FE91-4B5A-942E-36EE8E1DB0A0}.User|Any CPU.Build.0 = User|Any CPU
		{A7854FF8-FE91-4B5A-942E-36EE8E1DB0A0}.Admin|Any CPU.ActiveCfg = Admin|Any CPU
		{A7854FF8-FE91-4B5A-942E-36EE8E1DB0A0}.Admin|Any CPU.Build.0 = Admin|Any CPU
		{69A45ABE-551E-49C7-ABF2-B8C681BE2862}.Debug|Any CPU.ActiveCfg = Debug|Any CPU
		{69A45ABE-551E-49C7-ABF2-B8C681BE2862}.Debug|Any CPU.Build.0 = Debug|Any CPU
		{69A45ABE-551E-49C7-ABF2-B8C681BE2862}.Debug|x64.ActiveCfg = Debug|Any CPU
		{69A45ABE-551E-49C7-ABF2-B8C681BE2862}.Debug|x64.Build.0 = Debug|Any CPU
		{69A45ABE-551E-49C7-ABF2-B8C681BE2862}.Debug|x86.ActiveCfg = Debug|Any CPU
		{69A45ABE-551E-49C7-ABF2-B8C681BE2862}.Debug|x86.Build.0 = Debug|Any CPU
		{69A45ABE-551E-49C7-ABF2-B8C681BE2862}.Release|Any CPU.ActiveCfg = Release|Any CPU
		{69A45ABE-551E-49C7-ABF2-B8C681BE2862}.Release|Any CPU.Build.0 = Release|Any CPU
		{69A45ABE-551E-49C7-ABF2-B8C681BE2862}.Release|x64.ActiveCfg = Release|Any CPU
		{69A45ABE-551E-49C7-ABF2-B8C681BE2862}.Release|x64.Build.0 = Release|Any CPU
		{69A45ABE-551E-49C7-ABF2-B8C681BE2862}.Release|x86.ActiveCfg = Release|Any CPU
		{69A45ABE-551E-49C7-ABF2-B8C681BE2862}.Release|x86.Build.0 = Release|Any CPU
		{69A45ABE-551E-49C7-ABF2-B8C681BE2862}.User|Any CPU.ActiveCfg = User|Any CPU
		{69A45ABE-551E-49C7-ABF2-B8C681BE2862}.User|Any CPU.Build.0 = User|Any CPU
		{69A45ABE-551E-49C7-ABF2-B8C681BE2862}.Admin|Any CPU.ActiveCfg = Admin|Any CPU
		{69A45ABE-551E-49C7-ABF2-B8C681BE2862}.Admin|Any CPU.Build.0 = Admin|Any CPU
		{AE6C823B-468E-4C1A-9E8D-18AE46D1438D}.Debug|Any CPU.ActiveCfg = Debug|Any CPU
		{AE6C823B-468E-4C1A-9E8D-18AE46D1438D}.Debug|Any CPU.Build.0 = Debug|Any CPU
		{AE6C823B-468E-4C1A-9E8D-18AE46D1438D}.Debug|x64.ActiveCfg = Debug|Any CPU
		{AE6C823B-468E-4C1A-9E8D-18AE46D1438D}.Debug|x64.Build.0 = Debug|Any CPU
		{AE6C823B-468E-4C1A-9E8D-18AE46D1438D}.Debug|x86.ActiveCfg = Debug|Any CPU
		{AE6C823B-468E-4C1A-9E8D-18AE46D1438D}.Debug|x86.Build.0 = Debug|Any CPU
		{AE6C823B-468E-4C1A-9E8D-18AE46D1438D}.Release|Any CPU.ActiveCfg = Release|Any CPU
		{AE6C823B-468E-4C1A-9E8D-18AE46D1438D}.Release|Any CPU.Build.0 = Release|Any CPU
		{AE6C823B-468E-4C1A-9E8D-18AE46D1438D}.Release|x64.ActiveCfg = Release|Any CPU
		{AE6C823B-468E-4C1A-9E8D-18AE46D1438D}.Release|x64.Build.0 = Release|Any CPU
		{AE6C823B-468E-4C1A-9E8D-18AE46D1438D}.Release|x86.ActiveCfg = Release|Any CPU
		{AE6C823B-468E-4C1A-9E8D-18AE46D1438D}.Release|x86.Build.0 = Release|Any CPU
		{AE6C823B-468E-4C1A-9E8D-18AE46D1438D}.User|Any CPU.ActiveCfg = User|Any CPU
		{AE6C823B-468E-4C1A-9E8D-18AE46D1438D}.User|Any CPU.Build.0 = User|Any CPU
		{AE6C823B-468E-4C1A-9E8D-18AE46D1438D}.Admin|Any CPU.ActiveCfg = Admin|Any CPU
		{AE6C823B-468E-4C1A-9E8D-18AE46D1438D}.Admin|Any CPU.Build.0 = Admin|Any CPU
	EndGlobalSection
	GlobalSection(SolutionProperties) = preSolution
		HideSolutionNode = FALSE
	EndGlobalSection
	GlobalSection(NestedProjects) = preSolution
		{A7854FF8-FE91-4B5A-942E-36EE8E1DB0A0} = {0AB3BF05-4346-4AA6-1389-037BE0695223}
		{69A45ABE-551E-49C7-ABF2-B8C681BE2862} = {07C2787E-EAC7-C090-1BA3-A61EC2A24D84}
		{AE6C823B-468E-4C1A-9E8D-18AE46D1438D} = {07C2787E-EAC7-C090-1BA3-A61EC2A24D84}
	EndGlobalSection
EndGlobal
